PATH
  remote: .
  specs:
    pg_replication (0.2.1)
      pg

GEM
  remote: https://rubygems.org/
  specs:
    minitest (6.0.1)
      prism (~> 1.5)
    pg (1.6.3)
    prism (1.8.0)
    rake (13.3.1)

PLATFORMS
  ruby

DEPENDENCIES
  minitest (~> 6.0)
  pg
  pg_replication!
  rake (~> 13.0)

BUNDLED WITH
  4.0.3
